
Microsoft Visual Studio Solution File, Format Version 12.00
# Visual Studio 15
VisualStudioVersion = 15.0.28307.1062
MinimumVisualStudioVersion = 10.0.40219.1
Project("{2150E333-8FDC-42A3-9474-1A3956D46DE8}") = "UI", "UI", "{264E48BE-88BF-4AC3-BA3E-6564BE691F87}"
EndProject
Project("{2150E333-8FDC-42A3-9474-1A3956D46DE8}") = "Application", "Application", "{D4D4CDBE-C096-4818-835C-648793F1D23B}"
EndProject
Project("{2150E333-8FDC-42A3-9474-1A3956D46DE8}") = "Repository", "Repository", "{58985E63-56A0-4C36-A9FD-E96B067C2C6A}"
EndProject
Project("{2150E333-8FDC-42A3-9474-1A3956D46DE8}") = "Entity", "Entity", "{6EF93AF5-C75F-4E79-9825-FC203F66C7B1}"
EndProject
Project("{2150E333-8FDC-42A3-9474-1A3956D46DE8}") = "Infrastructure", "Infrastructure", "{A644E129-AD8F-4A1D-AA2C-38FAAD866075}"
EndProject
Project("{2150E333-8FDC-42A3-9474-1A3956D46DE8}") = "Test", "Test", "{33E86B5D-2757-4FE5-B58F-BAC7D75E14D0}"
EndProject
Project("{FAE04EC0-301F-11D3-BF4B-00C04F79EFBC}") = "Czar.Cma.Admin", "Czar.Cma.Admin\Czar.Cma.Admin.csproj", "{4E8A0CC4-0CF7-48B9-B05F-0C903A94B877}"
EndProject
Project("{FAE04EC0-301F-11D3-BF4B-00C04F79EFBC}") = "Czar.Cms.Site", "Czar.Cms.Site\Czar.Cms.Site.csproj", "{A34F3231-4281-45DF-AD72-B6326C394BD1}"
EndProject
Project("{FAE04EC0-301F-11D3-BF4B-00C04F79EFBC}") = "Czar.Cms.IServices", "Czar.Cms.IServices\Czar.Cms.IServices.csproj", "{4C31458B-05F2-4E09-9E22-CA311EA275F7}"
EndProject
Project("{FAE04EC0-301F-11D3-BF4B-00C04F79EFBC}") = "Czar.Cms.Services", "Czar.Cms.Services\Czar.Cms.Services.csproj", "{52B446CF-E524-4008-BE97-9BFA0B61E2B9}"
EndProject
Project("{FAE04EC0-301F-11D3-BF4B-00C04F79EFBC}") = "Czar.Cms.IRepository", "Czar.Cms.IRepository\Czar.Cms.IRepository.csproj", "{DCB8E7A0-876D-4AFA-8A30-7C1B0674CE39}"
EndProject
Project("{FAE04EC0-301F-11D3-BF4B-00C04F79EFBC}") = "Czar.Cms.Repository.SqlServer", "Czar.Cms.Repository.SqlServer\Czar.Cms.Repository.SqlServer.csproj", "{40E01791-4A0B-4746-AD46-2BE234E326D1}"
EndProject
Project("{FAE04EC0-301F-11D3-BF4B-00C04F79EFBC}") = "Czar.Cms.Models", "Czar.Cms.Models\Czar.Cms.Models.csproj", "{B4F4BD22-0489-43E5-A7FA-73D1EA814004}"
EndProject
Project("{FAE04EC0-301F-11D3-BF4B-00C04F79EFBC}") = "Czar.Cms.ViewModels", "Czar.Cms.ViewModels\Czar.Cms.ViewModels.csproj", "{2F35DEE7-BD2A-4578-B72C-4A7E27FDAB33}"
EndProject
Project("{FAE04EC0-301F-11D3-BF4B-00C04F79EFBC}") = "Czar.Cms.Core", "Czar.Cms.Core\Czar.Cms.Core.csproj", "{B73ABAB4-2AA8-4AD3-BC62-B11F15696B0E}"
EndProject
Project("{FAE04EC0-301F-11D3-BF4B-00C04F79EFBC}") = "Czar.Cms.Test", "Czar.Cms.Test\Czar.Cms.Test.csproj", "{2A31F6C0-F255-41D6-A314-6551EBCB5032}"
EndProject
Global
	GlobalSection(SolutionConfigurationPlatforms) = preSolution
		Debug|Any CPU = Debug|Any CPU
		Release|Any CPU = Release|Any CPU
	EndGlobalSection
	GlobalSection(ProjectConfigurationPlatforms) = postSolution
		{4E8A0CC4-0CF7-48B9-B05F-0C903A94B877}.Debug|Any CPU.ActiveCfg = Debug|Any CPU
		{4E8A0CC4-0CF7-48B9-B05F-0C903A94B877}.Debug|Any CPU.Build.0 = Debug|Any CPU
		{4E8A0CC4-0CF7-48B9-B05F-0C903A94B877}.Release|Any CPU.ActiveCfg = Release|Any CPU
		{4E8A0CC4-0CF7-48B9-B05F-0C903A94B877}.Release|Any CPU.Build.0 = Release|Any CPU
		{A34F3231-4281-45DF-AD72-B6326C394BD1}.Debug|Any CPU.ActiveCfg = Debug|Any CPU
		{A34F3231-4281-45DF-AD72-B6326C394BD1}.Debug|Any CPU.Build.0 = Debug|Any CPU
		{A34F3231-4281-45DF-AD72-B6326C394BD1}.Release|Any CPU.ActiveCfg = Release|Any CPU
		{A34F3231-4281-45DF-AD72-B6326C394BD1}.Release|Any CPU.Build.0 = Release|Any CPU
		{4C31458B-05F2-4E09-9E22-CA311EA275F7}.Debug|Any CPU.ActiveCfg = Debug|Any CPU
		{4C31458B-05F2-4E09-9E22-CA311EA275F7}.Debug|Any CPU.Build.0 = Debug|Any CPU
		{4C31458B-05F2-4E09-9E22-CA311EA275F7}.Release|Any CPU.ActiveCfg = Release|Any CPU
		{4C31458B-05F2-4E09-9E22-CA311EA275F7}.Release|Any CPU.Build.0 = Release|Any CPU
		{52B446CF-E524-4008-BE97-9BFA0B61E2B9}.Debug|Any CPU.ActiveCfg = Debug|Any CPU
		{52B446CF-E524-4008-BE97-9BFA0B61E2B9}.Debug|Any CPU.Build.0 = Debug|Any CPU
		{52B446CF-E524-4008-BE97-9BFA0B61E2B9}.Release|Any CPU.ActiveCfg = Release|Any CPU
		{52B446CF-E524-4008-BE97-9BFA0B61E2B9}.Release|Any CPU.Build.0 = Release|Any CPU
		{DCB8E7A0-876D-4AFA-8A30-7C1B0674CE39}.Debug|Any CPU.ActiveCfg = Debug|Any CPU
		{DCB8E7A0-876D-4AFA-8A30-7C1B0674CE39}.Debug|Any CPU.Build.0 = Debug|Any CPU
		{DCB8E7A0-876D-4AFA-8A30-7C1B0674CE39}.Release|Any CPU.ActiveCfg = Release|Any CPU
		{DCB8E7A0-876D-4AFA-8A30-7C1B0674CE39}.Release|Any CPU.Build.0 = Release|Any CPU
		{40E01791-4A0B-4746-AD46-2BE234E326D1}.Debug|Any CPU.ActiveCfg = Debug|Any CPU
		{40E01791-4A0B-4746-AD46-2BE234E326D1}.Debug|Any CPU.Build.0 = Debug|Any CPU
		{40E01791-4A0B-4746-AD46-2BE234E326D1}.Release|Any CPU.ActiveCfg = Release|Any CPU
		{40E01791-4A0B-4746-AD46-2BE234E326D1}.Release|Any CPU.Build.0 = Release|Any CPU
		{B4F4BD22-0489-43E5-A7FA-73D1EA814004}.Debug|Any CPU.ActiveCfg = Debug|Any CPU
		{B4F4BD22-0489-43E5-A7FA-73D1EA814004}.Debug|Any CPU.Build.0 = Debug|Any CPU
		{B4F4BD22-0489-43E5-A7FA-73D1EA814004}.Release|Any CPU.ActiveCfg = Release|Any CPU
		{B4F4BD22-0489-43E5-A7FA-73D1EA814004}.Release|Any CPU.Build.0 = Release|Any CPU
		{2F35DEE7-BD2A-4578-B72C-4A7E27FDAB33}.Debug|Any CPU.ActiveCfg = Debug|Any CPU
		{2F35DEE7-BD2A-4578-B72C-4A7E27FDAB33}.Debug|Any CPU.Build.0 = Debug|Any CPU
		{2F35DEE7-BD2A-4578-B72C-4A7E27FDAB33}.Release|Any CPU.ActiveCfg = Release|Any CPU
		{2F35DEE7-BD2A-4578-B72C-4A7E27FDAB33}.Release|Any CPU.Build.0 = Release|Any CPU
		{B73ABAB4-2AA8-4AD3-BC62-B11F15696B0E}.Debug|Any CPU.ActiveCfg = Debug|Any CPU
		{B73ABAB4-2AA8-4AD3-BC62-B11F15696B0E}.Debug|Any CPU.Build.0 = Debug|Any CPU
		{B73ABAB4-2AA8-4AD3-BC62-B11F15696B0E}.Release|Any CPU.ActiveCfg = Release|Any CPU
		{B73ABAB4-2AA8-4AD3-BC62-B11F15696B0E}.Release|Any CPU.Build.0 = Release|Any CPU
		{2A31F6C0-F255-41D6-A314-6551EBCB5032}.Debug|Any CPU.ActiveCfg = Debug|Any CPU
		{2A31F6C0-F255-41D6-A314-6551EBCB5032}.Debug|Any CPU.Build.0 = Debug|Any CPU
		{2A31F6C0-F255-41D6-A314-6551EBCB5032}.Release|Any CPU.ActiveCfg = Release|Any CPU
		{2A31F6C0-F255-41D6-A314-6551EBCB5032}.Release|Any CPU.Build.0 = Release|Any CPU
	EndGlobalSection
	GlobalSection(SolutionProperties) = preSolution
		HideSolutionNode = FALSE
	EndGlobalSection
	GlobalSection(NestedProjects) = preSolution
		{4E8A0CC4-0CF7-48B9-B05F-0C903A94B877} = {264E48BE-88BF-4AC3-BA3E-6564BE691F87}
		{A34F3231-4281-45DF-AD72-B6326C394BD1} = {264E48BE-88BF-4AC3-BA3E-6564BE691F87}
		{4C31458B-05F2-4E09-9E22-CA311EA275F7} = {D4D4CDBE-C096-4818-835C-648793F1D23B}
		{52B446CF-E524-4008-BE97-9BFA0B61E2B9} = {D4D4CDBE-C096-4818-835C-648793F1D23B}
		{DCB8E7A0-876D-4AFA-8A30-7C1B0674CE39} = {58985E63-56A0-4C36-A9FD-E96B067C2C6A}
		{40E01791-4A0B-4746-AD46-2BE234E326D1} = {58985E63-56A0-4C36-A9FD-E96B067C2C6A}
		{B4F4BD22-0489-43E5-A7FA-73D1EA814004} = {6EF93AF5-C75F-4E79-9825-FC203F66C7B1}
		{2F35DEE7-BD2A-4578-B72C-4A7E27FDAB33} = {6EF93AF5-C75F-4E79-9825-FC203F66C7B1}
		{B73ABAB4-2AA8-4AD3-BC62-B11F15696B0E} = {A644E129-AD8F-4A1D-AA2C-38FAAD866075}
		{2A31F6C0-F255-41D6-A314-6551EBCB5032} = {33E86B5D-2757-4FE5-B58F-BAC7D75E14D0}
	EndGlobalSection
	GlobalSection(ExtensibilityGlobals) = postSolution
		SolutionGuid = {60202AD7-1686-4B13-8E02-CE60FE6D0072}
	EndGlobalSection
EndGlobal
